// !$*UTF8*$!
{
	archiveVersion = 1;
	classes = {
	};
	objectVersion = 50;
	objects = {

/* Begin PBXBuildFile section */
		6C06323022561C4400AAB4F6 /* AppDelegate.swift in Sources */ = {isa = PBXBuildFile; fileRef = 6C06322F22561C4400AAB4F6 /* AppDelegate.swift */; };
		6C06323222561C4400AAB4F6 /* ViewController.swift in Sources */ = {isa = PBXBuildFile; fileRef = 6C06323122561C4400AAB4F6 /* ViewController.swift */; };
		6C06323522561C4400AAB4F6 /* Main.storyboard in Resources */ = {isa = PBXBuildFile; fileRef = 6C06323322561C4400AAB4F6 /* Main.storyboard */; };
		6C06323822561C4400AAB4F6 /* democviko_CD.xcdatamodeld in Sources */ = {isa = PBXBuildFile; fileRef = 6C06323622561C4400AAB4F6 /* democviko_CD.xcdatamodeld */; };
		6C06323A22561C4700AAB4F6 /* Assets.xcassets in Resources */ = {isa = PBXBuildFile; fileRef = 6C06323922561C4700AAB4F6 /* Assets.xcassets */; };
		6C06323D22561C4700AAB4F6 /* LaunchScreen.storyboard in Resources */ = {isa = PBXBuildFile; fileRef = 6C06323B22561C4700AAB4F6 /* LaunchScreen.storyboard */; };
		6C0632462256209A00AAB4F6 /* Course+CoreDataClass.swift in Sources */ = {isa = PBXBuildFile; fileRef = 6C0632422256209400AAB4F6 /* Course+CoreDataClass.swift */; };
		6C0632472256209A00AAB4F6 /* Course+CoreDataProperties.swift in Sources */ = {isa = PBXBuildFile; fileRef = 6C0632432256209400AAB4F6 /* Course+CoreDataProperties.swift */; };
		6C06324922562EB500AAB4F6 /* StudentsVC.swift in Sources */ = {isa = PBXBuildFile; fileRef = 6C06324822562EB500AAB4F6 /* StudentsVC.swift */; };
		6C2417FD22526F4F00BC97A2 /* AppDelegate.swift in Sources */ = {isa = PBXBuildFile; fileRef = 6C2417FC22526F4F00BC97A2 /* AppDelegate.swift */; };
		6C2417FF22526F4F00BC97A2 /* CoursesViewController.swift in Sources */ = {isa = PBXBuildFile; fileRef = 6C2417FE22526F4F00BC97A2 /* CoursesViewController.swift */; };
		6C24180222526F4F00BC97A2 /* Main.storyboard in Resources */ = {isa = PBXBuildFile; fileRef = 6C24180022526F4F00BC97A2 /* Main.storyboard */; };
		6C24180522526F4F00BC97A2 /* IZA_2019_cviko_CD.xcdatamodeld in Sources */ = {isa = PBXBuildFile; fileRef = 6C24180322526F4F00BC97A2 /* IZA_2019_cviko_CD.xcdatamodeld */; };
		6C24180722526F5000BC97A2 /* Assets.xcassets in Resources */ = {isa = PBXBuildFile; fileRef = 6C24180622526F5000BC97A2 /* Assets.xcassets */; };
		6C24180A22526F5000BC97A2 /* LaunchScreen.storyboard in Resources */ = {isa = PBXBuildFile; fileRef = 6C24180822526F5000BC97A2 /* LaunchScreen.storyboard */; };
		6C24181222527B4600BC97A2 /* StudentsViewController.swift in Sources */ = {isa = PBXBuildFile; fileRef = 6C24181122527B4600BC97A2 /* StudentsViewController.swift */; };
/* End PBXBuildFile section */

/* Begin PBXFileReference section */
		6C06322D22561C4400AAB4F6 /* democviko-CD.app */ = {isa = PBXFileReference; explicitFileType = wrapper.application; includeInIndex = 0; path = "democviko-CD.app"; sourceTree = BUILT_PRODUCTS_DIR; };
		6C06322F22561C4400AAB4F6 /* AppDelegate.swift */ = {isa = PBXFileReference; lastKnownFileType = sourcecode.swift; path = AppDelegate.swift; sourceTree = "<group>"; };
		6C06323122561C4400AAB4F6 /* ViewController.swift */ = {isa = PBXFileReference; lastKnownFileType = sourcecode.swift; path = ViewController.swift; sourceTree = "<group>"; };
		6C06323422561C4400AAB4F6 /* Base */ = {isa = PBXFileReference; lastKnownFileType = file.storyboard; name = Base; path = Base.lproj/Main.storyboard; sourceTree = "<group>"; };
		6C06323722561C4400AAB4F6 /* democviko_CD.xcdatamodel */ = {isa = PBXFileReference; lastKnownFileType = wrapper.xcdatamodel; path = democviko_CD.xcdatamodel; sourceTree = "<group>"; };
		6C06323922561C4700AAB4F6 /* Assets.xcassets */ = {isa = PBXFileReference; lastKnownFileType = folder.assetcatalog; path = Assets.xcassets; sourceTree = "<group>"; };
		6C06323C22561C4700AAB4F6 /* Base */ = {isa = PBXFileReference; lastKnownFileType = file.storyboard; name = Base; path = Base.lproj/LaunchScreen.storyboard; sourceTree = "<group>"; };
		6C06323E22561C4700AAB4F6 /* Info.plist */ = {isa = PBXFileReference; lastKnownFileType = text.plist.xml; path = Info.plist; sourceTree = "<group>"; };
		6C0632422256209400AAB4F6 /* Course+CoreDataClass.swift */ = {isa = PBXFileReference; lastKnownFileType = sourcecode.swift; path = "Course+CoreDataClass.swift"; sourceTree = "<group>"; };
		6C0632432256209400AAB4F6 /* Course+CoreDataProperties.swift */ = {isa = PBXFileReference; lastKnownFileType = sourcecode.swift; path = "Course+CoreDataProperties.swift"; sourceTree = "<group>"; };
		6C06324822562EB500AAB4F6 /* StudentsVC.swift */ = {isa = PBXFileReference; lastKnownFileType = sourcecode.swift; path = StudentsVC.swift; sourceTree = "<group>"; };
		6C2417F922526F4F00BC97A2 /* IZA-2019-cviko-CD.app */ = {isa = PBXFileReference; explicitFileType = wrapper.application; includeInIndex = 0; path = "IZA-2019-cviko-CD.app"; sourceTree = BUILT_PRODUCTS_DIR; };
		6C2417FC22526F4F00BC97A2 /* AppDelegate.swift */ = {isa = PBXFileReference; lastKnownFileType = sourcecode.swift; path = AppDelegate.swift; sourceTree = "<group>"; };
		6C2417FE22526F4F00BC97A2 /* CoursesViewController.swift */ = {isa = PBXFileReference; lastKnownFileType = sourcecode.swift; path = CoursesViewController.swift; sourceTree = "<group>"; };
		6C24180122526F4F00BC97A2 /* Base */ = {isa = PBXFileReference; lastKnownFileType = file.storyboard; name = Base; path = Base.lproj/Main.storyboard; sourceTree = "<group>"; };
		6C24180422526F4F00BC97A2 /* IZA_2019_cviko_CD.xcdatamodel */ = {isa = PBXFileReference; lastKnownFileType = wrapper.xcdatamodel; path = IZA_2019_cviko_CD.xcdatamodel; sourceTree = "<group>"; };
		6C24180622526F5000BC97A2 /* Assets.xcassets */ = {isa = PBXFileReference; lastKnownFileType = folder.assetcatalog; path = Assets.xcassets; sourceTree = "<group>"; };
		6C24180922526F5000BC97A2 /* Base */ = {isa = PBXFileReference; lastKnownFileType = file.storyboard; name = Base; path = Base.lproj/LaunchScreen.storyboard; sourceTree = "<group>"; };
		6C24180B22526F5000BC97A2 /* Info.plist */ = {isa = PBXFileReference; lastKnownFileType = text.plist.xml; path = Info.plist; sourceTree = "<group>"; };
		6C24181122527B4600BC97A2 /* StudentsViewController.swift */ = {isa = PBXFileReference; lastKnownFileType = sourcecode.swift; path = StudentsViewController.swift; sourceTree = "<group>"; };
/* End PBXFileReference section */

/* Begin PBXFrameworksBuildPhase section */
		6C06322A22561C4400AAB4F6 /* Frameworks */ = {
			isa = PBXFrameworksBuildPhase;
			buildActionMask = 2147483647;
			files = (
			);
			runOnlyForDeploymentPostprocessing = 0;
		};
		6C2417F622526F4F00BC97A2 /* Frameworks */ = {
			isa = PBXFrameworksBuildPhase;
			buildActionMask = 2147483647;
			files = (
			);
			runOnlyForDeploymentPostprocessing = 0;
		};
/* End PBXFrameworksBuildPhase section */

/* Begin PBXGroup section */
		6C06322E22561C4400AAB4F6 /* democviko-CD */ = {
			isa = PBXGroup;
			children = (
				6C0632422256209400AAB4F6 /* Course+CoreDataClass.swift */,
				6C0632432256209400AAB4F6 /* Course+CoreDataProperties.swift */,
				6C06322F22561C4400AAB4F6 /* AppDelegate.swift */,
				6C06323122561C4400AAB4F6 /* ViewController.swift */,
				6C06324822562EB500AAB4F6 /* StudentsVC.swift */,
				6C06323322561C4400AAB4F6 /* Main.storyboard */,
				6C06323922561C4700AAB4F6 /* Assets.xcassets */,
				6C06323B22561C4700AAB4F6 /* LaunchScreen.storyboard */,
				6C06323E22561C4700AAB4F6 /* Info.plist */,
				6C06323622561C4400AAB4F6 /* democviko_CD.xcdatamodeld */,
			);
			path = "democviko-CD";
			sourceTree = "<group>";
		};
		6C2417F022526F4F00BC97A2 = {
			isa = PBXGroup;
			children = (
				6C2417FB22526F4F00BC97A2 /* IZA-2019-cviko-CD */,
				6C06322E22561C4400AAB4F6 /* democviko-CD */,
				6C2417FA22526F4F00BC97A2 /* Products */,
			);
			sourceTree = "<group>";
		};
		6C2417FA22526F4F00BC97A2 /* Products */ = {
			isa = PBXGroup;
			children = (
				6C2417F922526F4F00BC97A2 /* IZA-2019-cviko-CD.app */,
				6C06322D22561C4400AAB4F6 /* democviko-CD.app */,
			);
			name = Products;
			sourceTree = "<group>";
		};
		6C2417FB22526F4F00BC97A2 /* IZA-2019-cviko-CD */ = {
			isa = PBXGroup;
			children = (
				6C2417FC22526F4F00BC97A2 /* AppDelegate.swift */,
				6C2417FE22526F4F00BC97A2 /* CoursesViewController.swift */,
				6C24181122527B4600BC97A2 /* StudentsViewController.swift */,
				6C24180022526F4F00BC97A2 /* Main.storyboard */,
				6C24180622526F5000BC97A2 /* Assets.xcassets */,
				6C24180822526F5000BC97A2 /* LaunchScreen.storyboard */,
				6C24180B22526F5000BC97A2 /* Info.plist */,
				6C24180322526F4F00BC97A2 /* IZA_2019_cviko_CD.xcdatamodeld */,
			);
			path = "IZA-2019-cviko-CD";
			sourceTree = "<group>";
		};
/* End PBXGroup section */

/* Begin PBXNativeTarget section */
		6C06322C22561C4400AAB4F6 /* democviko-CD */ = {
			isa = PBXNativeTarget;
			buildConfigurationList = 6C06324122561C4700AAB4F6 /* Build configuration list for PBXNativeTarget "democviko-CD" */;
			buildPhases = (
				6C06322922561C4400AAB4F6 /* Sources */,
				6C06322A22561C4400AAB4F6 /* Frameworks */,
				6C06322B22561C4400AAB4F6 /* Resources */,
			);
			buildRules = (
			);
			dependencies = (
			);
			name = "democviko-CD";
			productName = "democviko-CD";
			productReference = 6C06322D22561C4400AAB4F6 /* democviko-CD.app */;
			productType = "com.apple.product-type.application";
		};
		6C2417F822526F4F00BC97A2 /* IZA-2019-cviko-CD */ = {
			isa = PBXNativeTarget;
			buildConfigurationList = 6C24180E22526F5000BC97A2 /* Build configuration list for PBXNativeTarget "IZA-2019-cviko-CD" */;
			buildPhases = (
				6C2417F522526F4F00BC97A2 /* Sources */,
				6C2417F622526F4F00BC97A2 /* Frameworks */,
				6C2417F722526F4F00BC97A2 /* Resources */,
			);
			buildRules = (
			);
			dependencies = (
			);
			name = "IZA-2019-cviko-CD";
			productName = "IZA-2019-cviko-CD";
			productReference = 6C2417F922526F4F00BC97A2 /* IZA-2019-cviko-CD.app */;
			productType = "com.apple.product-type.application";
		};
/* End PBXNativeTarget section */

/* Begin PBXProject section */
		6C2417F122526F4F00BC97A2 /* Project object */ = {
			isa = PBXProject;
			attributes = {
				LastSwiftUpdateCheck = 1010;
				LastUpgradeCheck = 1010;
				ORGANIZATIONNAME = "Martin Hruby FIT";
				TargetAttributes = {
					6C06322C22561C4400AAB4F6 = {
						CreatedOnToolsVersion = 10.1;
					};
					6C2417F822526F4F00BC97A2 = {
						CreatedOnToolsVersion = 10.1;
					};
				};
			};
			buildConfigurationList = 6C2417F422526F4F00BC97A2 /* Build configuration list for PBXProject "IZA-2019-cviko-CD" */;
			compatibilityVersion = "Xcode 9.3";
			developmentRegion = en;
			hasScannedForEncodings = 0;
			knownRegions = (
				en,
				Base,
			);
			mainGroup = 6C2417F022526F4F00BC97A2;
			productRefGroup = 6C2417FA22526F4F00BC97A2 /* Products */;
			projectDirPath = "";
			projectRoot = "";
			targets = (
				6C2417F822526F4F00BC97A2 /* IZA-2019-cviko-CD */,
				6C06322C22561C4400AAB4F6 /* democviko-CD */,
			);
		};
/* End PBXProject section */

/* Begin PBXResourcesBuildPhase section */
		6C06322B22561C4400AAB4F6 /* Resources */ = {
			isa = PBXResourcesBuildPhase;
			buildActionMask = 2147483647;
			files = (
				6C06323D22561C4700AAB4F6 /* LaunchScreen.storyboard in Resources */,
				6C06323A22561C4700AAB4F6 /* Assets.xcassets in Resources */,
				6C06323522561C4400AAB4F6 /* Main.storyboard in Resources */,
			);
			runOnlyForDeploymentPostprocessing = 0;
		};
		6C2417F722526F4F00BC97A2 /* Resources */ = {
			isa = PBXResourcesBuildPhase;
			buildActionMask = 2147483647;
			files = (
				6C24180A22526F5000BC97A2 /* LaunchScreen.storyboard in Resources */,
				6C24180722526F5000BC97A2 /* Assets.xcassets in Resources */,
				6C24180222526F4F00BC97A2 /* Main.storyboard in Resources */,
			);
			runOnlyForDeploymentPostprocessing = 0;
		};
/* End PBXResourcesBuildPhase section */

/* Begin PBXSourcesBuildPhase section */
		6C06322922561C4400AAB4F6 /* Sources */ = {
			isa = PBXSourcesBuildPhase;
			buildActionMask = 2147483647;
			files = (
				6C06324922562EB500AAB4F6 /* StudentsVC.swift in Sources */,
				6C06323222561C4400AAB4F6 /* ViewController.swift in Sources */,
				6C0632472256209A00AAB4F6 /* Course+CoreDataProperties.swift in Sources */,
				6C06323822561C4400AAB4F6 /* democviko_CD.xcdatamodeld in Sources */,
				6C0632462256209A00AAB4F6 /* Course+CoreDataClass.swift in Sources */,
				6C06323022561C4400AAB4F6 /* AppDelegate.swift in Sources */,
			);
			runOnlyForDeploymentPostprocessing = 0;
		};
		6C2417F522526F4F00BC97A2 /* Sources */ = {
			isa = PBXSourcesBuildPhase;
			buildActionMask = 2147483647;
			files = (
				6C24181222527B4600BC97A2 /* StudentsViewController.swift in Sources */,
				6C2417FF22526F4F00BC97A2 /* CoursesViewController.swift in Sources */,
				6C2417FD22526F4F00BC97A2 /* AppDelegate.swift in Sources */,
				6C24180522526F4F00BC97A2 /* IZA_2019_cviko_CD.xcdatamodeld in Sources */,
			);
			runOnlyForDeploymentPostprocessing = 0;
		};
/* End PBXSourcesBuildPhase section */

/* Begin PBXVariantGroup section */
		6C06323322561C4400AAB4F6 /* Main.storyboard */ = {
			isa = PBXVariantGroup;
			children = (
				6C06323422561C4400AAB4F6 /* Base */,
			);
			name = Main.storyboard;
			sourceTree = "<group>";
		};
		6C06323B22561C4700AAB4F6 /* LaunchScreen.storyboard */ = {
			isa = PBXVariantGroup;
			children = (
				6C06323C22561C4700AAB4F6 /* Base */,
			);
			name = LaunchScreen.storyboard;
			sourceTree = "<group>";
		};
		6C24180022526F4F00BC97A2 /* Main.storyboard */ = {
			isa = PBXVariantGroup;
			children = (
				6C24180122526F4F00BC97A2 /* Base */,
			);
			name = Main.storyboard;
			sourceTree = "<group>";
		};
		6C24180822526F5000BC97A2 /* LaunchScreen.storyboard */ = {
			isa = PBXVariantGroup;
			children = (
				6C24180922526F5000BC97A2 /* Base */,
			);
			name = LaunchScreen.storyboard;
			sourceTree = "<group>";
		};
/* End PBXVariantGroup section */

/* Begin XCBuildConfiguration section */
		6C06323F22561C4700AAB4F6 /* Debug */ = {
			isa = XCBuildConfiguration;
			buildSettings = {
				ASSETCATALOG_COMPILER_APPICON_NAME = AppIcon;
				CODE_SIGN_STYLE = Automatic;
				DEVELOPMENT_TEAM = 6DTJGF3D7H;
				INFOPLIST_FILE = "democviko-CD/Info.plist";
				LD_RUNPATH_SEARCH_PATHS = (
					"$(inherited)",
					"@executable_path/Frameworks",
				);
				PRODUCT_BUNDLE_IDENTIFIER = "cz.vutbr.fit.democviko-CD";
				PRODUCT_NAME = "$(TARGET_NAME)";
				SWIFT_VERSION = 4.2;
				TARGETED_DEVICE_FAMILY = "1,2";
			};
			name = Debug;
		};
		6C06324022561C4700AAB4F6 /* Release */ = {
			isa = XCBuildConfiguration;
			buildSettings = {
				ASSETCATALOG_COMPILER_APPICON_NAME = AppIcon;
				CODE_SIGN_STYLE = Automatic;
				DEVELOPMENT_TEAM = 6DTJGF3D7H;
				INFOPLIST_FILE = "democviko-CD/Info.plist";
				LD_RUNPATH_SEARCH_PATHS = (
					"$(inherited)",
					"@executable_path/Frameworks",
				);
				PRODUCT_BUNDLE_IDENTIFIER = "cz.vutbr.fit.democviko-CD";
				PRODUCT_NAME = "$(TARGET_NAME)";
				SWIFT_VERSION = 4.2;
				TARGETED_DEVICE_FAMILY = "1,2";
			};
			name = Release;
		};
		6C24180C22526F5000BC97A2 /* Debug */ = {
			isa = XCBuildConfiguration;
			buildSettings = {
				ALWAYS_SEARCH_USER_PATHS = NO;
				CLANG_ANALYZER_NONNULL = YES;
				CLANG_ANALYZER_NUMBER_OBJECT_CONVERSION = YES_AGGRESSIVE;
				CLANG_CXX_LANGUAGE_STANDARD = "gnu++14";
				CLANG_CXX_LIBRARY = "libc++";
				CLANG_ENABLE_MODULES = YES;
				CLANG_ENABLE_OBJC_ARC = YES;
				CLANG_ENABLE_OBJC_WEAK = YES;
				CLANG_WARN_BLOCK_CAPTURE_AUTORELEASING = YES;
				CLANG_WARN_BOOL_CONVERSION = YES;
				CLANG_WARN_COMMA = YES;
				CLANG_WARN_CONSTANT_CONVERSION = YES;
				CLANG_WARN_DEPRECATED_OBJC_IMPLEMENTATIONS = YES;
				CLANG_WARN_DIRECT_OBJC_ISA_USAGE = YES_ERROR;
				CLANG_WARN_DOCUMENTATION_COMMENTS = YES;
				CLANG_WARN_EMPTY_BODY = YES;
				CLANG_WARN_ENUM_CONVERSION = YES;
				CLANG_WARN_INFINITE_RECURSION = YES;
				CLANG_WARN_INT_CONVERSION = YES;
				CLANG_WARN_NON_LITERAL_NULL_CONVERSION = YES;
				CLANG_WARN_OBJC_IMPLICIT_RETAIN_SELF = YES;
				CLANG_WARN_OBJC_LITERAL_CONVERSION = YES;
				CLANG_WARN_OBJC_ROOT_CLASS = YES_ERROR;
				CLANG_WARN_RANGE_LOOP_ANALYSIS = YES;
				CLANG_WARN_STRICT_PROTOTYPES = YES;
				CLANG_WARN_SUSPICIOUS_MOVE = YES;
				CLANG_WARN_UNGUARDED_AVAILABILITY = YES_AGGRESSIVE;
				CLANG_WARN_UNREACHABLE_CODE = YES;
				CLANG_WARN__DUPLICATE_METHOD_MATCH = YES;
				CODE_SIGN_IDENTITY = "iPhone Developer";
				COPY_PHASE_STRIP = NO;
				DEBUG_INFORMATION_FORMAT = dwarf;
				ENABLE_STRICT_OBJC_MSGSEND = YES;
				ENABLE_TESTABILITY = YES;
				GCC_C_LANGUAGE_STANDARD = gnu11;
				GCC_DYNAMIC_NO_PIC = NO;
				GCC_NO_COMMON_BLOCKS = YES;
				GCC_OPTIMIZATION_LEVEL = 0;
				GCC_PREPROCESSOR_DEFINITIONS = (
					"DEBUG=1",
					"$(inherited)",
				);
				GCC_WARN_64_TO_32_BIT_CONVERSION = YES;
				GCC_WARN_ABOUT_RETURN_TYPE = YES_ERROR;
				GCC_WARN_UNDECLARED_SELECTOR = YES;
				GCC_WARN_UNINITIALIZED_AUTOS = YES_AGGRESSIVE;
				GCC_WARN_UNUSED_FUNCTION = YES;
				GCC_WARN_UNUSED_VARIABLE = YES;
				IPHONEOS_DEPLOYMENT_TARGET = 12.1;
				MTL_ENABLE_DEBUG_INFO = INCLUDE_SOURCE;
				MTL_FAST_MATH = YES;
				ONLY_ACTIVE_ARCH = YES;
				SDKROOT = iphoneos;
				SWIFT_ACTIVE_COMPILATION_CONDITIONS = DEBUG;
				SWIFT_OPTIMIZATION_LEVEL = "-Onone";
			};
			name = Debug;
		};
		6C24180D22526F5000BC97A2 /* Release */ = {
			isa = XCBuildConfiguration;
			buildSettings = {
				ALWAYS_SEARCH_USER_PATHS = NO;
				CLANG_ANALYZER_NONNULL = YES;
				CLANG_ANALYZER_NUMBER_OBJECT_CONVERSION = YES_AGGRESSIVE;
				CLANG_CXX_LANGUAGE_STANDARD = "gnu++14";
				CLANG_CXX_LIBRARY = "libc++";
				CLANG_ENABLE_MODULES = YES;
				CLANG_ENABLE_OBJC_ARC = YES;
				CLANG_ENABLE_OBJC_WEAK = YES;
				CLANG_WARN_BLOCK_CAPTURE_AUTORELEASING = YES;
				CLANG_WARN_BOOL_CONVERSION = YES;
				CLANG_WARN_COMMA = YES;
				CLANG_WARN_CONSTANT_CONVERSION = YES;
				CLANG_WARN_DEPRECATED_OBJC_IMPLEMENTATIONS = YES;
				CLANG_WARN_DIRECT_OBJC_ISA_USAGE = YES_ERROR;
				CLANG_WARN_DOCUMENTATION_COMMENTS = YES;
				CLANG_WARN_EMPTY_BODY = YES;
				CLANG_WARN_ENUM_CONVERSION = YES;
				CLANG_WARN_INFINITE_RECURSION = YES;
				CLANG_WARN_INT_CONVERSION = YES;
				CLANG_WARN_NON_LITERAL_NULL_CONVERSION = YES;
				CLANG_WARN_OBJC_IMPLICIT_RETAIN_SELF = YES;
				CLANG_WARN_OBJC_LITERAL_CONVERSION = YES;
				CLANG_WARN_OBJC_ROOT_CLASS = YES_ERROR;
				CLANG_WARN_RANGE_LOOP_ANALYSIS = YES;
				CLANG_WARN_STRICT_PROTOTYPES = YES;
				CLANG_WARN_SUSPICIOUS_MOVE = YES;
				CLANG_WARN_UNGUARDED_AVAILABILITY = YES_AGGRESSIVE;
				CLANG_WARN_UNREACHABLE_CODE = YES;
				CLANG_WARN__DUPLICATE_METHOD_MATCH = YES;
				CODE_SIGN_IDENTITY = "iPhone Developer";
				COPY_PHASE_STRIP = NO;
				DEBUG_INFORMATION_FORMAT = "dwarf-with-dsym";
				ENABLE_NS_ASSERTIONS = NO;
				ENABLE_STRICT_OBJC_MSGSEND = YES;
				GCC_C_LANGUAGE_STANDARD = gnu11;
				GCC_NO_COMMON_BLOCKS = YES;
				GCC_WARN_64_TO_32_BIT_CONVERSION = YES;
				GCC_WARN_ABOUT_RETURN_TYPE = YES_ERROR;
				GCC_WARN_UNDECLARED_SELECTOR = YES;
				GCC_WARN_UNINITIALIZED_AUTOS = YES_AGGRESSIVE;
				GCC_WARN_UNUSED_FUNCTION = YES;
				GCC_WARN_UNUSED_VARIABLE = YES;
				IPHONEOS_DEPLOYMENT_TARGET = 12.1;
				MTL_ENABLE_DEBUG_INFO = NO;
				MTL_FAST_MATH = YES;
				SDKROOT = iphoneos;
				SWIFT_COMPILATION_MODE = wholemodule;
				SWIFT_OPTIMIZATION_LEVEL = "-O";
				VALIDATE_PRODUCT = YES;
			};
			name = Release;
		};
		6C24180F22526F5000BC97A2 /* Debug */ = {
			isa = XCBuildConfiguration;
			buildSettings = {
				ASSETCATALOG_COMPILER_APPICON_NAME = AppIcon;
				CODE_SIGN_STYLE = Automatic;
				DEVELOPMENT_TEAM = 6DTJGF3D7H;
				INFOPLIST_FILE = "IZA-2019-cviko-CD/Info.plist";
				LD_RUNPATH_SEARCH_PATHS = (
					"$(inherited)",
					"@executable_path/Frameworks",
				);
				PRODUCT_BUNDLE_IDENTIFIER = "cz.vutbr.fit.IZA-2019-cviko-CD";
				PRODUCT_NAME = "$(TARGET_NAME)";
				SWIFT_VERSION = 4.2;
				TARGETED_DEVICE_FAMILY = "1,2";
			};
			name = Debug;
		};
		6C24181022526F5000BC97A2 /* Release */ = {
			isa = XCBuildConfiguration;
			buildSettings = {
				ASSETCATALOG_COMPILER_APPICON_NAME = AppIcon;
				CODE_SIGN_STYLE = Automatic;
				DEVELOPMENT_TEAM = 6DTJGF3D7H;
				INFOPLIST_FILE = "IZA-2019-cviko-CD/Info.plist";
				LD_RUNPATH_SEARCH_PATHS = (
					"$(inherited)",
					"@executable_path/Frameworks",
				);
				PRODUCT_BUNDLE_IDENTIFIER = "cz.vutbr.fit.IZA-2019-cviko-CD";
				PRODUCT_NAME = "$(TARGET_NAME)";
				SWIFT_VERSION = 4.2;
				TARGETED_DEVICE_FAMILY = "1,2";
			};
			name = Release;
		};
/* End XCBuildConfiguration section */

/* Begin XCConfigurationList section */
		6C06324122561C4700AAB4F6 /* Build configuration list for PBXNativeTarget "democviko-CD" */ = {
			isa = XCConfigurationList;
			buildConfigurations = (
				6C06323F22561C4700AAB4F6 /* Debug */,
				6C06324022561C4700AAB4F6 /* Release */,
			);
			defaultConfigurationIsVisible = 0;
			defaultConfigurationName = Release;
		};
		6C2417F422526F4F00BC97A2 /* Build configuration list for PBXProject "IZA-2019-cviko-CD" */ = {
			isa = XCConfigurationList;
			buildConfigurations = (
				6C24180C22526F5000BC97A2 /* Debug */,
				6C24180D22526F5000BC97A2 /* Release */,
			);
			defaultConfigurationIsVisible = 0;
			defaultConfigurationName = Release;
		};
		6C24180E22526F5000BC97A2 /* Build configuration list for PBXNativeTarget "IZA-2019-cviko-CD" */ = {
			isa = XCConfigurationList;
			buildConfigurations = (
				6C24180F22526F5000BC97A2 /* Debug */,
				6C24181022526F5000BC97A2 /* Release */,
			);
			defaultConfigurationIsVisible = 0;
			defaultConfigurationName = Release;
		};
/* End XCConfigurationList section */

/* Begin XCVersionGroup section */
		6C06323622561C4400AAB4F6 /* democviko_CD.xcdatamodeld */ = {
			isa = XCVersionGroup;
			children = (
				6C06323722561C4400AAB4F6 /* democviko_CD.xcdatamodel */,
			);
			currentVersion = 6C06323722561C4400AAB4F6 /* democviko_CD.xcdatamodel */;
			path = democviko_CD.xcdatamodeld;
			sourceTree = "<group>";
			versionGroupType = wrapper.xcdatamodel;
		};
		6C24180322526F4F00BC97A2 /* IZA_2019_cviko_CD.xcdatamodeld */ = {
			isa = XCVersionGroup;
			children = (
				6C24180422526F4F00BC97A2 /* IZA_2019_cviko_CD.xcdatamodel */,
			);
			currentVersion = 6C24180422526F4F00BC97A2 /* IZA_2019_cviko_CD.xcdatamodel */;
			path = IZA_2019_cviko_CD.xcdatamodeld;
			sourceTree = "<group>";
			versionGroupType = wrapper.xcdatamodel;
		};
/* End XCVersionGroup section */
	};
	rootObject = 6C2417F122526F4F00BC97A2 /* Project object */;
}
